{
  "name": "hotplot",
  "version": "1.0.0",
  "lockfileVersion": 3,
  "requires": true,
  "packages": {
    "": {
      "name": "hotplot",
      "version": "1.0.0",
      "dependencies": {
        "codemirror": "5.65.20",
        "p5": "1.11.11",
        "p5.plotsvg": "0.1.8"
      }
    },
    "node_modules/codemirror": {
      "version": "5.65.20",
      "resolved": "https://registry.npmjs.org/codemirror/-/codemirror-5.65.20.tgz",
      "integrity": "sha512-i5dLDDxwkFCbhjvL2pNjShsojoL3XHyDwsGv1jqETUoW+lzpBKKqNTUWgQwVAOa0tUm4BwekT455ujafi8payA==",
      "license": "MIT"
    },
    "node_modules/p5": {
      "version": "1.11.11",
      "resolved": "https://registry.npmjs.org/p5/-/p5-1.11.11.tgz",
      "integrity": "sha512-k58mfexvavFb+KNRpi70PbkKE2gCNiWQkzS4kVOyC2F9SKGgYy1jSO+JXZ24ikXV9OvZIAxGusiSVWEijYrmNg==",
      "license": "LGPL-2.1"
    },
    "node_modules/p5.plotsvg": {
      "version": "0.1.8",
      "resolved": "https://registry.npmjs.org/p5.plotsvg/-/p5.plotsvg-0.1.8.tgz",
      "integrity": "sha512-nfPv6esAhyxRFrp/Pxd5e+4H9HfYZRvE1QbLQA2PLCNMcxEKnVdfA7ExRnWDP3b80vkOf0dfxGv3QExCukhIaw==",
      "license": "MIT"
    }
  }
}
